
Microsoft Visual Studio Solution File, Format Version 12.00
# Visual Studio Version 17
VisualStudioVersion = 17.7.34024.191
MinimumVisualStudioVersion = 10.0.40219.1
Project("{8BC9CEB8-8B4A-11D0-8D11-00A0C91BC942}") = "BestEdrOfTheMarket", "BestEdrOfTheMarket\BestEdrOfTheMarket.vcxproj", "{1FF9A512-E5E1-4D52-8C89-B40140E013ED}"
EndProject
Project("{8BC9CEB8-8B4A-11D0-8D11-00A0C91BC942}") = "BestEdrOfTheMarketDriver", "BestEdrOfTheMarketDriver\BestEdrOfTheMarketDriver.vcxproj", "{7F30FD83-588A-4DD4-BA52-6C671B45CA69}"
EndProject
Project("{8BC9CEB8-8B4A-11D0-8D11-00A0C91BC942}") = "BestEdrOfTheMarketV3", "BestEdrOfTheMarketV3\BestEdrOfTheMarketV3.vcxproj", "{29BC6464-F1D3-4268-BCBE-49ACE0F3AC39}"
EndProject
Project("{8BC9CEB8-8B4A-11D0-8D11-00A0C91BC942}") = "testpipe", "testpipe\testpipe.vcxproj", "{08D952D2-6EC8-4056-A4AA-A2EB0C12EB8B}"
EndProject
Project("{8BC9CEB8-8B4A-11D0-8D11-00A0C91BC942}") = "test2", "test2\test2.vcxproj", "{86F8032C-974E-4765-A390-BD71CC77F4D9}"
EndProject
Project("{8BC9CEB8-8B4A-11D0-8D11-00A0C91BC942}") = "checkvpt", "checkvpt\checkvpt.vcxproj", "{E8FCC499-BB6B-4190-A71B-724210538891}"
EndProject
Project("{8BC9CEB8-8B4A-11D0-8D11-00A0C91BC942}") = "GlobalCet", "GlobalCet\GlobalCet.vcxproj", "{B6ABF563-A56E-4E18-8E62-7A86E285CA35}"
EndProject
Global
	GlobalSection(SolutionConfigurationPlatforms) = preSolution
		Debug|ARM64 = Debug|ARM64
		Debug|x64 = Debug|x64
		Debug|x86 = Debug|x86
		Release|ARM64 = Release|ARM64
		Release|x64 = Release|x64
		Release|x86 = Release|x86
	EndGlobalSection
	GlobalSection(ProjectConfigurationPlatforms) = postSolution
		{1FF9A512-E5E1-4D52-8C89-B40140E013ED}.Debug|ARM64.ActiveCfg = Debug|x64
		{1FF9A512-E5E1-4D52-8C89-B40140E013ED}.Debug|ARM64.Build.0 = Debug|x64
		{1FF9A512-E5E1-4D52-8C89-B40140E013ED}.Debug|x64.ActiveCfg = Debug|x64
		{1FF9A512-E5E1-4D52-8C89-B40140E013ED}.Debug|x64.Build.0 = Debug|x64
		{1FF9A512-E5E1-4D52-8C89-B40140E013ED}.Debug|x86.ActiveCfg = Debug|Win32
		{1FF9A512-E5E1-4D52-8C89-B40140E013ED}.Debug|x86.Build.0 = Debug|Win32
		{1FF9A512-E5E1-4D52-8C89-B40140E013ED}.Release|ARM64.ActiveCfg = Release|x64
		{1FF9A512-E5E1-4D52-8C89-B40140E013ED}.Release|ARM64.Build.0 = Release|x64
		{1FF9A512-E5E1-4D52-8C89-B40140E013ED}.Release|x64.ActiveCfg = Release|x64
		{1FF9A512-E5E1-4D52-8C89-B40140E013ED}.Release|x64.Build.0 = Release|x64
		{1FF9A512-E5E1-4D52-8C89-B40140E013ED}.Release|x86.ActiveCfg = Release|Win32
		{1FF9A512-E5E1-4D52-8C89-B40140E013ED}.Release|x86.Build.0 = Release|Win32
		{7F30FD83-588A-4DD4-BA52-6C671B45CA69}.Debug|ARM64.ActiveCfg = Debug|ARM64
		{7F30FD83-588A-4DD4-BA52-6C671B45CA69}.Debug|ARM64.Build.0 = Debug|ARM64
		{7F30FD83-588A-4DD4-BA52-6C671B45CA69}.Debug|ARM64.Deploy.0 = Debug|ARM64
		{7F30FD83-588A-4DD4-BA52-6C671B45CA69}.Debug|x64.ActiveCfg = Debug|x64
		{7F30FD83-588A-4DD4-BA52-6C671B45CA69}.Debug|x64.Build.0 = Debug|x64
		{7F30FD83-588A-4DD4-BA52-6C671B45CA69}.Debug|x64.Deploy.0 = Debug|x64
		{7F30FD83-588A-4DD4-BA52-6C671B45CA69}.Debug|x86.ActiveCfg = Debug|x64
		{7F30FD83-588A-4DD4-BA52-6C671B45CA69}.Debug|x86.Build.0 = Debug|x64
		{7F30FD83-588A-4DD4-BA52-6C671B45CA69}.Debug|x86.Deploy.0 = Debug|x64
		{7F30FD83-588A-4DD4-BA52-6C671B45CA69}.Release|ARM64.ActiveCfg = Release|ARM64
		{7F30FD83-588A-4DD4-BA52-6C671B45CA69}.Release|ARM64.Build.0 = Release|ARM64
		{7F30FD83-588A-4DD4-BA52-6C671B45CA69}.Release|ARM64.Deploy.0 = Release|ARM64
		{7F30FD83-588A-4DD4-BA52-6C671B45CA69}.Release|x64.ActiveCfg = Release|x64
		{7F30FD83-588A-4DD4-BA52-6C671B45CA69}.Release|x64.Build.0 = Release|x64
		{7F30FD83-588A-4DD4-BA52-6C671B45CA69}.Release|x64.Deploy.0 = Release|x64
		{7F30FD83-588A-4DD4-BA52-6C671B45CA69}.Release|x86.ActiveCfg = Release|x64
		{7F30FD83-588A-4DD4-BA52-6C671B45CA69}.Release|x86.Build.0 = Release|x64
		{7F30FD83-588A-4DD4-BA52-6C671B45CA69}.Release|x86.Deploy.0 = Release|x64
		{29BC6464-F1D3-4268-BCBE-49ACE0F3AC39}.Debug|ARM64.ActiveCfg = Debug|x64
		{29BC6464-F1D3-4268-BCBE-49ACE0F3AC39}.Debug|ARM64.Build.0 = Debug|x64
		{29BC6464-F1D3-4268-BCBE-49ACE0F3AC39}.Debug|x64.ActiveCfg = Debug|x64
		{29BC6464-F1D3-4268-BCBE-49ACE0F3AC39}.Debug|x64.Build.0 = Debug|x64
		{29BC6464-F1D3-4268-BCBE-49ACE0F3AC39}.Debug|x86.ActiveCfg = Debug|Win32
		{29BC6464-F1D3-4268-BCBE-49ACE0F3AC39}.Debug|x86.Build.0 = Debug|Win32
		{29BC6464-F1D3-4268-BCBE-49ACE0F3AC39}.Release|ARM64.ActiveCfg = Release|x64
		{29BC6464-F1D3-4268-BCBE-49ACE0F3AC39}.Release|ARM64.Build.0 = Release|x64
		{29BC6464-F1D3-4268-BCBE-49ACE0F3AC39}.Release|x64.ActiveCfg = Release|x64
		{29BC6464-F1D3-4268-BCBE-49ACE0F3AC39}.Release|x64.Build.0 = Release|x64
		{29BC6464-F1D3-4268-BCBE-49ACE0F3AC39}.Release|x86.ActiveCfg = Release|Win32
		{29BC6464-F1D3-4268-BCBE-49ACE0F3AC39}.Release|x86.Build.0 = Release|Win32
		{08D952D2-6EC8-4056-A4AA-A2EB0C12EB8B}.Debug|ARM64.ActiveCfg = Debug|ARM64
		{08D952D2-6EC8-4056-A4AA-A2EB0C12EB8B}.Debug|ARM64.Build.0 = Debug|ARM64
		{08D952D2-6EC8-4056-A4AA-A2EB0C12EB8B}.Debug|ARM64.Deploy.0 = Debug|ARM64
		{08D952D2-6EC8-4056-A4AA-A2EB0C12EB8B}.Debug|x64.ActiveCfg = Debug|x64
		{08D952D2-6EC8-4056-A4AA-A2EB0C12EB8B}.Debug|x64.Build.0 = Debug|x64
		{08D952D2-6EC8-4056-A4AA-A2EB0C12EB8B}.Debug|x64.Deploy.0 = Debug|x64
		{08D952D2-6EC8-4056-A4AA-A2EB0C12EB8B}.Debug|x86.ActiveCfg = Debug|x64
		{08D952D2-6EC8-4056-A4AA-A2EB0C12EB8B}.Debug|x86.Build.0 = Debug|x64
		{08D952D2-6EC8-4056-A4AA-A2EB0C12EB8B}.Debug|x86.Deploy.0 = Debug|x64
		{08D952D2-6EC8-4056-A4AA-A2EB0C12EB8B}.Release|ARM64.ActiveCfg = Release|ARM64
		{08D952D2-6EC8-4056-A4AA-A2EB0C12EB8B}.Release|ARM64.Build.0 = Release|ARM64
		{08D952D2-6EC8-4056-A4AA-A2EB0C12EB8B}.Release|ARM64.Deploy.0 = Release|ARM64
		{08D952D2-6EC8-4056-A4AA-A2EB0C12EB8B}.Release|x64.ActiveCfg = Release|x64
		{08D952D2-6EC8-4056-A4AA-A2EB0C12EB8B}.Release|x64.Build.0 = Release|x64
		{08D952D2-6EC8-4056-A4AA-A2EB0C12EB8B}.Release|x64.Deploy.0 = Release|x64
		{08D952D2-6EC8-4056-A4AA-A2EB0C12EB8B}.Release|x86.ActiveCfg = Release|x64
		{08D952D2-6EC8-4056-A4AA-A2EB0C12EB8B}.Release|x86.Build.0 = Release|x64
		{08D952D2-6EC8-4056-A4AA-A2EB0C12EB8B}.Release|x86.Deploy.0 = Release|x64
		{86F8032C-974E-4765-A390-BD71CC77F4D9}.Debug|ARM64.ActiveCfg = Debug|x64
		{86F8032C-974E-4765-A390-BD71CC77F4D9}.Debug|ARM64.Build.0 = Debug|x64
		{86F8032C-974E-4765-A390-BD71CC77F4D9}.Debug|x64.ActiveCfg = Debug|x64
		{86F8032C-974E-4765-A390-BD71CC77F4D9}.Debug|x64.Build.0 = Debug|x64
		{86F8032C-974E-4765-A390-BD71CC77F4D9}.Debug|x86.ActiveCfg = Debug|Win32
		{86F8032C-974E-4765-A390-BD71CC77F4D9}.Debug|x86.Build.0 = Debug|Win32
		{86F8032C-974E-4765-A390-BD71CC77F4D9}.Release|ARM64.ActiveCfg = Release|x64
		{86F8032C-974E-4765-A390-BD71CC77F4D9}.Release|ARM64.Build.0 = Release|x64
		{86F8032C-974E-4765-A390-BD71CC77F4D9}.Release|x64.ActiveCfg = Release|x64
		{86F8032C-974E-4765-A390-BD71CC77F4D9}.Release|x64.Build.0 = Release|x64
		{86F8032C-974E-4765-A390-BD71CC77F4D9}.Release|x86.ActiveCfg = Release|Win32
		{86F8032C-974E-4765-A390-BD71CC77F4D9}.Release|x86.Build.0 = Release|Win32
		{E8FCC499-BB6B-4190-A71B-724210538891}.Debug|ARM64.ActiveCfg = Debug|ARM64
		{E8FCC499-BB6B-4190-A71B-724210538891}.Debug|ARM64.Build.0 = Debug|ARM64
		{E8FCC499-BB6B-4190-A71B-724210538891}.Debug|ARM64.Deploy.0 = Debug|ARM64
		{E8FCC499-BB6B-4190-A71B-724210538891}.Debug|x64.ActiveCfg = Debug|x64
		{E8FCC499-BB6B-4190-A71B-724210538891}.Debug|x64.Build.0 = Debug|x64
		{E8FCC499-BB6B-4190-A71B-724210538891}.Debug|x64.Deploy.0 = Debug|x64
		{E8FCC499-BB6B-4190-A71B-724210538891}.Debug|x86.ActiveCfg = Debug|x64
		{E8FCC499-BB6B-4190-A71B-724210538891}.Debug|x86.Build.0 = Debug|x64
		{E8FCC499-BB6B-4190-A71B-724210538891}.Debug|x86.Deploy.0 = Debug|x64
		{E8FCC499-BB6B-4190-A71B-724210538891}.Release|ARM64.ActiveCfg = Release|ARM64
		{E8FCC499-BB6B-4190-A71B-724210538891}.Release|ARM64.Build.0 = Release|ARM64
		{E8FCC499-BB6B-4190-A71B-724210538891}.Release|ARM64.Deploy.0 = Release|ARM64
		{E8FCC499-BB6B-4190-A71B-724210538891}.Release|x64.ActiveCfg = Release|x64
		{E8FCC499-BB6B-4190-A71B-724210538891}.Release|x64.Build.0 = Release|x64
		{E8FCC499-BB6B-4190-A71B-724210538891}.Release|x64.Deploy.0 = Release|x64
		{E8FCC499-BB6B-4190-A71B-724210538891}.Release|x86.ActiveCfg = Release|x64
		{E8FCC499-BB6B-4190-A71B-724210538891}.Release|x86.Build.0 = Release|x64
		{E8FCC499-BB6B-4190-A71B-724210538891}.Release|x86.Deploy.0 = Release|x64
		{B6ABF563-A56E-4E18-8E62-7A86E285CA35}.Debug|ARM64.ActiveCfg = Debug|ARM64
		{B6ABF563-A56E-4E18-8E62-7A86E285CA35}.Debug|ARM64.Build.0 = Debug|ARM64
		{B6ABF563-A56E-4E18-8E62-7A86E285CA35}.Debug|ARM64.Deploy.0 = Debug|ARM64
		{B6ABF563-A56E-4E18-8E62-7A86E285CA35}.Debug|x64.ActiveCfg = Debug|x64
		{B6ABF563-A56E-4E18-8E62-7A86E285CA35}.Debug|x64.Build.0 = Debug|x64
		{B6ABF563-A56E-4E18-8E62-7A86E285CA35}.Debug|x64.Deploy.0 = Debug|x64
		{B6ABF563-A56E-4E18-8E62-7A86E285CA35}.Debug|x86.ActiveCfg = Debug|x64
		{B6ABF563-A56E-4E18-8E62-7A86E285CA35}.Debug|x86.Build.0 = Debug|x64
		{B6ABF563-A56E-4E18-8E62-7A86E285CA35}.Debug|x86.Deploy.0 = Debug|x64
		{B6ABF563-A56E-4E18-8E62-7A86E285CA35}.Release|ARM64.ActiveCfg = Release|ARM64
		{B6ABF563-A56E-4E18-8E62-7A86E285CA35}.Release|ARM64.Build.0 = Release|ARM64
		{B6ABF563-A56E-4E18-8E62-7A86E285CA35}.Release|ARM64.Deploy.0 = Release|ARM64
		{B6ABF563-A56E-4E18-8E62-7A86E285CA35}.Release|x64.ActiveCfg = Release|x64
		{B6ABF563-A56E-4E18-8E62-7A86E285CA35}.Release|x64.Build.0 = Release|x64
		{B6ABF563-A56E-4E18-8E62-7A86E285CA35}.Release|x64.Deploy.0 = Release|x64
		{B6ABF563-A56E-4E18-8E62-7A86E285CA35}.Release|x86.ActiveCfg = Release|x64
		{B6ABF563-A56E-4E18-8E62-7A86E285CA35}.Release|x86.Build.0 = Release|x64
		{B6ABF563-A56E-4E18-8E62-7A86E285CA35}.Release|x86.Deploy.0 = Release|x64
	EndGlobalSection
	GlobalSection(SolutionProperties) = preSolution
		HideSolutionNode = FALSE
	EndGlobalSection
	GlobalSection(ExtensibilityGlobals) = postSolution
		SolutionGuid = {331AF109-A6C1-46E8-A909-EB2D42285389}
	EndGlobalSection
EndGlobal
